{
  "name": "todo-app-react",
  "lockfileVersion": 3,
  "requires": true,
  "packages": {
    "": {
      "dependencies": {
        "@github/hotkey": "^3.1.0"
      }
    },
    "node_modules/@github/hotkey": {
      "version": "3.1.0",
      "resolved": "https://registry.npmjs.org/@github/hotkey/-/hotkey-3.1.0.tgz",
      "integrity": "sha512-Lj9QjYa+b+Nk5U1nZtlXLdx3HI8/EeM6ZNwBjpYcGVYqpwHdM2ScRH0p7+5zh28JG6SPbTM9+Rb1dFd742qMTw=="
    }
  }
}
